<?xml version="1.0" encoding="utf-8"?>
<Project ToolsVersion="4.0" xmlns="http://schemas.microsoft.com/developer/msbuild/2003">
  <ItemGroup>
    <Filter Include="源文件">
      <UniqueIdentifier>{4FC737F1-C7A5-4376-A066-2A32D752A2FF}</UniqueIdentifier>
      <Extensions>cpp;c;cc;cxx;c++;cppm;ixx;def;odl;idl;hpj;bat;asm;asmx</Extensions>
    </Filter>
    <Filter Include="头文件">
      <UniqueIdentifier>{93995380-89BD-4b04-88EB-625FBE52EBFB}</UniqueIdentifier>
      <Extensions>h;hh;hpp;hxx;h++;hm;inl;inc;ipp;xsd</Extensions>
    </Filter>
    <Filter Include="资源文件">
      <UniqueIdentifier>{67DA6AB6-F800-4c08-8B7A-83BB121AAD01}</UniqueIdentifier>
      <Extensions>rc;ico;cur;bmp;dlg;rc2;rct;bin;rgs;gif;jpg;jpeg;jpe;resx;tiff;tif;png;wav;mfcribbon-ms</Extensions>
    </Filter>
    <Filter Include="头文件\Include">
      <UniqueIdentifier>{8e9a1e8b-c05c-4839-a966-54725bcad1d1}</UniqueIdentifier>
    </Filter>
  </ItemGroup>
  <ItemGroup>
    <ClInclude Include="MyHpSocket.h">
      <Filter>头文件</Filter>
    </ClInclude>
    <ClInclude Include="Include\HPSocket.h">
      <Filter>头文件\Include</Filter>
    </ClInclude>
    <ClInclude Include="Include\HPSocket-SSL.h">
      <Filter>头文件\Include</Filter>
    </ClInclude>
    <ClInclude Include="Include\HPTypeDef.h">
      <Filter>头文件\Include</Filter>
    </ClInclude>
    <ClInclude Include="Include\SocketInterface.h">
      <Filter>头文件\Include</Filter>
    </ClInclude>
    <ClInclude Include="MyTcpPackServer.h">
      <Filter>头文件</Filter>
    </ClInclude>
    <ClInclude Include="pch.h">
      <Filter>头文件</Filter>
    </ClInclude>
    <ClInclude Include="MyTcpPackClient.h">
      <Filter>头文件</Filter>
    </ClInclude>
    <ClInclude Include="MyTcpPushClient.h">
      <Filter>头文件</Filter>
    </ClInclude>
    <ClInclude Include="MyTcpPushServer.h">
      <Filter>头文件</Filter>
    </ClInclude>
  </ItemGroup>
  <ItemGroup>
    <ClCompile Include="MyHpSocket.cpp">
      <Filter>源文件</Filter>
    </ClCompile>
    <ClCompile Include="MyTcpPackServer.cpp">
      <Filter>源文件</Filter>
    </ClCompile>
    <ClCompile Include="pch.cpp">
      <Filter>源文件</Filter>
    </ClCompile>
    <ClCompile Include="MyTcpPackClient.cpp">
      <Filter>源文件</Filter>
    </ClCompile>
    <ClCompile Include="MyTcpPushClient.cpp">
      <Filter>源文件</Filter>
    </ClCompile>
    <ClCompile Include="MyTcpPushServer.cpp">
      <Filter>源文件</Filter>
    </ClCompile>
  </ItemGroup>
</Project>